# This file is automatically @generated by Wally.
# It is not intended for manual editing.
registry = "test"

[[package]]
name = "howmanysmall/janitor"
version = "1.15.4"
dependencies = []

[[package]]
name = "shiro/astroneer-techdemo"
version = "0.1.0"
dependencies = [["goodsignal", "stravant/goodsignal@0.2.1"], ["janitor", "howmanysmall/janitor@1.15.4"]]

[[package]]
name = "stravant/goodsignal"
version = "0.2.1"
dependencies = []
